
Microsoft Visual Studio Solution File, Format Version 12.00
# Visual Studio Version 16
VisualStudioVersion = 16.0.31605.320
MinimumVisualStudioVersion = 10.0.40219.1
Project("{FAE04EC0-301F-11D3-BF4B-00C04F79EFBC}") = "EntityProjeUygulama", "EntityProjeUygulama\EntityProjeUygulama.csproj", "{7B9FF027-8CD4-4F1D-BC3D-4DC5EB661977}"
EndProject
Global
	GlobalSection(SolutionConfigurationPlatforms) = preSolution
		Debug|Any CPU = Debug|Any CPU
		Release|Any CPU = Release|Any CPU
	EndGlobalSection
	GlobalSection(ProjectConfigurationPlatforms) = postSolution
		{7B9FF027-8CD4-4F1D-BC3D-4DC5EB661977}.Debug|Any CPU.ActiveCfg = Debug|Any CPU
		{7B9FF027-8CD4-4F1D-BC3D-4DC5EB661977}.Debug|Any CPU.Build.0 = Debug|Any CPU
		{7B9FF027-8CD4-4F1D-BC3D-4DC5EB661977}.Release|Any CPU.ActiveCfg = Release|Any CPU
		{7B9FF027-8CD4-4F1D-BC3D-4DC5EB661977}.Release|Any CPU.Build.0 = Release|Any CPU
	EndGlobalSection
	GlobalSection(SolutionProperties) = preSolution
		HideSolutionNode = FALSE
	EndGlobalSection
	GlobalSection(ExtensibilityGlobals) = postSolution
		SolutionGuid = {DE5117EC-1227-4D35-888F-AA65F0BC22F5}
	EndGlobalSection
EndGlobal
